
Microsoft Visual Studio Solution File, Format Version 12.00
# Visual Studio Version 17
VisualStudioVersion = 17.0.31903.59
MinimumVisualStudioVersion = 10.0.40219.1
Project("{2150E333-8FDC-42A3-9474-1A3956D46DE8}") = "Services", "Services", "{8C856FAB-587B-4B82-87D3-58687A5D4D5A}"
EndProject
Project("{2150E333-8FDC-42A3-9474-1A3956D46DE8}") = "Catalog", "Catalog", "{AFB6F4C5-CF11-44C7-AD24-3B42032A8F5B}"
EndProject
Project("{FAE04EC0-301F-11D3-BF4B-00C04F79EFBC}") = "Catalog.API", "Services\Catalog\Catalog.API\Catalog.API.csproj", "{56FA7739-C1A2-4D27-B68D-DCBEA80D07D2}"
EndProject
Project("{2150E333-8FDC-42A3-9474-1A3956D46DE8}") = "BuildingBlocks", "BuildingBlocks", "{4040DA8A-DC19-4E2E-B2E5-48E6620BCD30}"
EndProject
Project("{FAE04EC0-301F-11D3-BF4B-00C04F79EFBC}") = "BuildingBlocks", "BuildingBlocks\BuildingBlocks.csproj", "{FEA1AD85-08F1-495E-AD7B-94F89A83628E}"
EndProject
Project("{2150E333-8FDC-42A3-9474-1A3956D46DE8}") = "Basket", "Basket", "{E1B51C93-5C6F-42D7-A927-DD8F378E10B5}"
EndProject
Project("{FAE04EC0-301F-11D3-BF4B-00C04F79EFBC}") = "Basket.API", "Services\Basket\Basket.API\Basket.API.csproj", "{52B662E5-8A45-4E87-B48A-7CA943EE5AD0}"
EndProject
Project("{2150E333-8FDC-42A3-9474-1A3956D46DE8}") = "Discount", "Discount", "{83FEE73F-354F-4CE6-9F1E-FC2066A9D722}"
EndProject
Project("{FAE04EC0-301F-11D3-BF4B-00C04F79EFBC}") = "Discount.Grpc", "Services\Discount\Discount.Grpc\Discount.Grpc.csproj", "{1AEAA492-B4C0-4595-8A64-754540055EF4}"
EndProject
Project("{2150E333-8FDC-42A3-9474-1A3956D46DE8}") = "Ordering", "Ordering", "{8CB9694A-6F79-42F7-9338-7ABB2D54DDA6}"
EndProject
Project("{FAE04EC0-301F-11D3-BF4B-00C04F79EFBC}") = "Ordering.API", "Services\Ordering\Ordering.API\Ordering.API.csproj", "{67BC2CCC-9A27-4F47-9DD5-2288CD6EDD39}"
EndProject
Project("{FAE04EC0-301F-11D3-BF4B-00C04F79EFBC}") = "Ordering.Domain", "Services\Ordering\Ordering.Domain\Ordering.Domain.csproj", "{40DF7A21-FD71-4FF7-BBA0-4D5DBAD3CD7C}"
EndProject
Project("{FAE04EC0-301F-11D3-BF4B-00C04F79EFBC}") = "Ordering.Application", "Services\Ordering\Ordering.Application\Ordering.Application.csproj", "{D5A86031-7C30-4509-A14A-32EF5A1FD134}"
EndProject
Project("{FAE04EC0-301F-11D3-BF4B-00C04F79EFBC}") = "Ordering.Infrastructure", "Services\Ordering\Ordering.Infrastructure\Ordering.Infrastructure.csproj", "{1E839D60-82FB-41C2-B160-9775E230BF37}"
EndProject
Project("{2150E333-8FDC-42A3-9474-1A3956D46DE8}") = "BuildingBlocks.Messaging", "BuildingBlocks.Messaging", "{814429ED-B8CE-4B8A-A006-104B42AE31F4}"
EndProject
Project("{FAE04EC0-301F-11D3-BF4B-00C04F79EFBC}") = "BuildingBlocks.Messaging", "BuildingBlocks.Messaging\BuildingBlocks.Messaging\BuildingBlocks.Messaging.csproj", "{DDE2F315-A156-4C87-A128-62B0BFB04395}"
EndProject
Project("{2150E333-8FDC-42A3-9474-1A3956D46DE8}") = "ApiGateways", "ApiGateways", "{8781E17E-8C59-443D-AA29-5B8D69661A35}"
EndProject
Project("{FAE04EC0-301F-11D3-BF4B-00C04F79EFBC}") = "YarpApiGateway", "ApiGateways\YarpApiGateway\YarpApiGateway.csproj", "{D7FC9E04-B3D2-4698-82B0-EDA2FE365BBB}"
EndProject
Project("{2150E333-8FDC-42A3-9474-1A3956D46DE8}") = "WebApps", "WebApps", "{054FBA05-AC0B-48CF-B45E-A95A44BFD92B}"
EndProject
Project("{FAE04EC0-301F-11D3-BF4B-00C04F79EFBC}") = "Shopping.Web", "WebApps\Shopping.Web\Shopping.Web.csproj", "{1C49844D-A9A3-4139-A4F4-9309DAC926F3}"
EndProject
Global
	GlobalSection(SolutionConfigurationPlatforms) = preSolution
		Debug|Any CPU = Debug|Any CPU
		Release|Any CPU = Release|Any CPU
	EndGlobalSection
	GlobalSection(ProjectConfigurationPlatforms) = postSolution
		{56FA7739-C1A2-4D27-B68D-DCBEA80D07D2}.Debug|Any CPU.ActiveCfg = Debug|Any CPU
		{56FA7739-C1A2-4D27-B68D-DCBEA80D07D2}.Debug|Any CPU.Build.0 = Debug|Any CPU
		{56FA7739-C1A2-4D27-B68D-DCBEA80D07D2}.Release|Any CPU.ActiveCfg = Release|Any CPU
		{56FA7739-C1A2-4D27-B68D-DCBEA80D07D2}.Release|Any CPU.Build.0 = Release|Any CPU
		{FEA1AD85-08F1-495E-AD7B-94F89A83628E}.Debug|Any CPU.ActiveCfg = Debug|Any CPU
		{FEA1AD85-08F1-495E-AD7B-94F89A83628E}.Debug|Any CPU.Build.0 = Debug|Any CPU
		{FEA1AD85-08F1-495E-AD7B-94F89A83628E}.Release|Any CPU.ActiveCfg = Release|Any CPU
		{FEA1AD85-08F1-495E-AD7B-94F89A83628E}.Release|Any CPU.Build.0 = Release|Any CPU
		{52B662E5-8A45-4E87-B48A-7CA943EE5AD0}.Debug|Any CPU.ActiveCfg = Debug|Any CPU
		{52B662E5-8A45-4E87-B48A-7CA943EE5AD0}.Debug|Any CPU.Build.0 = Debug|Any CPU
		{52B662E5-8A45-4E87-B48A-7CA943EE5AD0}.Release|Any CPU.ActiveCfg = Release|Any CPU
		{52B662E5-8A45-4E87-B48A-7CA943EE5AD0}.Release|Any CPU.Build.0 = Release|Any CPU
		{1AEAA492-B4C0-4595-8A64-754540055EF4}.Debug|Any CPU.ActiveCfg = Debug|Any CPU
		{1AEAA492-B4C0-4595-8A64-754540055EF4}.Debug|Any CPU.Build.0 = Debug|Any CPU
		{1AEAA492-B4C0-4595-8A64-754540055EF4}.Release|Any CPU.ActiveCfg = Release|Any CPU
		{1AEAA492-B4C0-4595-8A64-754540055EF4}.Release|Any CPU.Build.0 = Release|Any CPU
		{67BC2CCC-9A27-4F47-9DD5-2288CD6EDD39}.Debug|Any CPU.ActiveCfg = Debug|Any CPU
		{67BC2CCC-9A27-4F47-9DD5-2288CD6EDD39}.Debug|Any CPU.Build.0 = Debug|Any CPU
		{67BC2CCC-9A27-4F47-9DD5-2288CD6EDD39}.Release|Any CPU.ActiveCfg = Release|Any CPU
		{67BC2CCC-9A27-4F47-9DD5-2288CD6EDD39}.Release|Any CPU.Build.0 = Release|Any CPU
		{40DF7A21-FD71-4FF7-BBA0-4D5DBAD3CD7C}.Debug|Any CPU.ActiveCfg = Debug|Any CPU
		{40DF7A21-FD71-4FF7-BBA0-4D5DBAD3CD7C}.Debug|Any CPU.Build.0 = Debug|Any CPU
		{40DF7A21-FD71-4FF7-BBA0-4D5DBAD3CD7C}.Release|Any CPU.ActiveCfg = Release|Any CPU
		{40DF7A21-FD71-4FF7-BBA0-4D5DBAD3CD7C}.Release|Any CPU.Build.0 = Release|Any CPU
		{D5A86031-7C30-4509-A14A-32EF5A1FD134}.Debug|Any CPU.ActiveCfg = Debug|Any CPU
		{D5A86031-7C30-4509-A14A-32EF5A1FD134}.Debug|Any CPU.Build.0 = Debug|Any CPU
		{D5A86031-7C30-4509-A14A-32EF5A1FD134}.Release|Any CPU.ActiveCfg = Release|Any CPU
		{D5A86031-7C30-4509-A14A-32EF5A1FD134}.Release|Any CPU.Build.0 = Release|Any CPU
		{1E839D60-82FB-41C2-B160-9775E230BF37}.Debug|Any CPU.ActiveCfg = Debug|Any CPU
		{1E839D60-82FB-41C2-B160-9775E230BF37}.Debug|Any CPU.Build.0 = Debug|Any CPU
		{1E839D60-82FB-41C2-B160-9775E230BF37}.Release|Any CPU.ActiveCfg = Release|Any CPU
		{1E839D60-82FB-41C2-B160-9775E230BF37}.Release|Any CPU.Build.0 = Release|Any CPU
		{DDE2F315-A156-4C87-A128-62B0BFB04395}.Debug|Any CPU.ActiveCfg = Debug|Any CPU
		{DDE2F315-A156-4C87-A128-62B0BFB04395}.Debug|Any CPU.Build.0 = Debug|Any CPU
		{DDE2F315-A156-4C87-A128-62B0BFB04395}.Release|Any CPU.ActiveCfg = Release|Any CPU
		{DDE2F315-A156-4C87-A128-62B0BFB04395}.Release|Any CPU.Build.0 = Release|Any CPU
		{D7FC9E04-B3D2-4698-82B0-EDA2FE365BBB}.Debug|Any CPU.ActiveCfg = Debug|Any CPU
		{D7FC9E04-B3D2-4698-82B0-EDA2FE365BBB}.Debug|Any CPU.Build.0 = Debug|Any CPU
		{D7FC9E04-B3D2-4698-82B0-EDA2FE365BBB}.Release|Any CPU.ActiveCfg = Release|Any CPU
		{D7FC9E04-B3D2-4698-82B0-EDA2FE365BBB}.Release|Any CPU.Build.0 = Release|Any CPU
		{1C49844D-A9A3-4139-A4F4-9309DAC926F3}.Debug|Any CPU.ActiveCfg = Debug|Any CPU
		{1C49844D-A9A3-4139-A4F4-9309DAC926F3}.Debug|Any CPU.Build.0 = Debug|Any CPU
		{1C49844D-A9A3-4139-A4F4-9309DAC926F3}.Release|Any CPU.ActiveCfg = Release|Any CPU
		{1C49844D-A9A3-4139-A4F4-9309DAC926F3}.Release|Any CPU.Build.0 = Release|Any CPU
	EndGlobalSection
	GlobalSection(SolutionProperties) = preSolution
		HideSolutionNode = FALSE
	EndGlobalSection
	GlobalSection(NestedProjects) = preSolution
		{AFB6F4C5-CF11-44C7-AD24-3B42032A8F5B} = {8C856FAB-587B-4B82-87D3-58687A5D4D5A}
		{56FA7739-C1A2-4D27-B68D-DCBEA80D07D2} = {AFB6F4C5-CF11-44C7-AD24-3B42032A8F5B}
		{FEA1AD85-08F1-495E-AD7B-94F89A83628E} = {4040DA8A-DC19-4E2E-B2E5-48E6620BCD30}
		{E1B51C93-5C6F-42D7-A927-DD8F378E10B5} = {8C856FAB-587B-4B82-87D3-58687A5D4D5A}
		{52B662E5-8A45-4E87-B48A-7CA943EE5AD0} = {E1B51C93-5C6F-42D7-A927-DD8F378E10B5}
		{83FEE73F-354F-4CE6-9F1E-FC2066A9D722} = {8C856FAB-587B-4B82-87D3-58687A5D4D5A}
		{1AEAA492-B4C0-4595-8A64-754540055EF4} = {83FEE73F-354F-4CE6-9F1E-FC2066A9D722}
		{8CB9694A-6F79-42F7-9338-7ABB2D54DDA6} = {8C856FAB-587B-4B82-87D3-58687A5D4D5A}
		{67BC2CCC-9A27-4F47-9DD5-2288CD6EDD39} = {8CB9694A-6F79-42F7-9338-7ABB2D54DDA6}
		{40DF7A21-FD71-4FF7-BBA0-4D5DBAD3CD7C} = {8CB9694A-6F79-42F7-9338-7ABB2D54DDA6}
		{D5A86031-7C30-4509-A14A-32EF5A1FD134} = {8CB9694A-6F79-42F7-9338-7ABB2D54DDA6}
		{1E839D60-82FB-41C2-B160-9775E230BF37} = {8CB9694A-6F79-42F7-9338-7ABB2D54DDA6}
		{DDE2F315-A156-4C87-A128-62B0BFB04395} = {814429ED-B8CE-4B8A-A006-104B42AE31F4}
		{D7FC9E04-B3D2-4698-82B0-EDA2FE365BBB} = {8781E17E-8C59-443D-AA29-5B8D69661A35}
		{1C49844D-A9A3-4139-A4F4-9309DAC926F3} = {054FBA05-AC0B-48CF-B45E-A95A44BFD92B}
	EndGlobalSection
EndGlobal
