
Microsoft Visual Studio Solution File, Format Version 12.00
# Visual Studio Version 17
VisualStudioVersion = 17.0.31903.59
MinimumVisualStudioVersion = 10.0.40219.1
Project("{2150E333-8FDC-42A3-9474-1A3956D46DE8}") = "Services", "Services", "{8C856FAB-587B-4B82-87D3-58687A5D4D5A}"
EndProject
Project("{2150E333-8FDC-42A3-9474-1A3956D46DE8}") = "Catalog", "Catalog", "{AFB6F4C5-CF11-44C7-AD24-3B42032A8F5B}"
EndProject
Project("{FAE04EC0-301F-11D3-BF4B-00C04F79EFBC}") = "Catalog.API", "Services\Catalog\Catalog.API\Catalog.API.csproj", "{56FA7739-C1A2-4D27-B68D-DCBEA80D07D2}"
EndProject
Project("{2150E333-8FDC-42A3-9474-1A3956D46DE8}") = "BuildingBlocks", "BuildingBlocks", "{4040DA8A-DC19-4E2E-B2E5-48E6620BCD30}"
EndProject
Project("{FAE04EC0-301F-11D3-BF4B-00C04F79EFBC}") = "BuildingBlocks", "BuildingBlocks\BuildingBlocks.csproj", "{FEA1AD85-08F1-495E-AD7B-94F89A83628E}"
EndProject
Project("{2150E333-8FDC-42A3-9474-1A3956D46DE8}") = "Basket", "Basket", "{E1B51C93-5C6F-42D7-A927-DD8F378E10B5}"
EndProject
Project("{FAE04EC0-301F-11D3-BF4B-00C04F79EFBC}") = "Basket.API", "Services\Basket\Basket.API\Basket.API.csproj", "{52B662E5-8A45-4E87-B48A-7CA943EE5AD0}"
EndProject
Project("{2150E333-8FDC-42A3-9474-1A3956D46DE8}") = "Discount", "Discount", "{83FEE73F-354F-4CE6-9F1E-FC2066A9D722}"
EndProject
Project("{FAE04EC0-301F-11D3-BF4B-00C04F79EFBC}") = "Discount.Grpc", "Services\Discount\Discount.Grpc\Discount.Grpc.csproj", "{1AEAA492-B4C0-4595-8A64-754540055EF4}"
EndProject
Global
	GlobalSection(SolutionConfigurationPlatforms) = preSolution
		Debug|Any CPU = Debug|Any CPU
		Release|Any CPU = Release|Any CPU
	EndGlobalSection
	GlobalSection(ProjectConfigurationPlatforms) = postSolution
		{56FA7739-C1A2-4D27-B68D-DCBEA80D07D2}.Debug|Any CPU.ActiveCfg = Debug|Any CPU
		{56FA7739-C1A2-4D27-B68D-DCBEA80D07D2}.Debug|Any CPU.Build.0 = Debug|Any CPU
		{56FA7739-C1A2-4D27-B68D-DCBEA80D07D2}.Release|Any CPU.ActiveCfg = Release|Any CPU
		{56FA7739-C1A2-4D27-B68D-DCBEA80D07D2}.Release|Any CPU.Build.0 = Release|Any CPU
		{FEA1AD85-08F1-495E-AD7B-94F89A83628E}.Debug|Any CPU.ActiveCfg = Debug|Any CPU
		{FEA1AD85-08F1-495E-AD7B-94F89A83628E}.Debug|Any CPU.Build.0 = Debug|Any CPU
		{FEA1AD85-08F1-495E-AD7B-94F89A83628E}.Release|Any CPU.ActiveCfg = Release|Any CPU
		{FEA1AD85-08F1-495E-AD7B-94F89A83628E}.Release|Any CPU.Build.0 = Release|Any CPU
		{52B662E5-8A45-4E87-B48A-7CA943EE5AD0}.Debug|Any CPU.ActiveCfg = Debug|Any CPU
		{52B662E5-8A45-4E87-B48A-7CA943EE5AD0}.Debug|Any CPU.Build.0 = Debug|Any CPU
		{52B662E5-8A45-4E87-B48A-7CA943EE5AD0}.Release|Any CPU.ActiveCfg = Release|Any CPU
		{52B662E5-8A45-4E87-B48A-7CA943EE5AD0}.Release|Any CPU.Build.0 = Release|Any CPU
		{1AEAA492-B4C0-4595-8A64-754540055EF4}.Debug|Any CPU.ActiveCfg = Debug|Any CPU
		{1AEAA492-B4C0-4595-8A64-754540055EF4}.Debug|Any CPU.Build.0 = Debug|Any CPU
		{1AEAA492-B4C0-4595-8A64-754540055EF4}.Release|Any CPU.ActiveCfg = Release|Any CPU
		{1AEAA492-B4C0-4595-8A64-754540055EF4}.Release|Any CPU.Build.0 = Release|Any CPU
	EndGlobalSection
	GlobalSection(SolutionProperties) = preSolution
		HideSolutionNode = FALSE
	EndGlobalSection
	GlobalSection(NestedProjects) = preSolution
		{AFB6F4C5-CF11-44C7-AD24-3B42032A8F5B} = {8C856FAB-587B-4B82-87D3-58687A5D4D5A}
		{56FA7739-C1A2-4D27-B68D-DCBEA80D07D2} = {AFB6F4C5-CF11-44C7-AD24-3B42032A8F5B}
		{FEA1AD85-08F1-495E-AD7B-94F89A83628E} = {4040DA8A-DC19-4E2E-B2E5-48E6620BCD30}
		{E1B51C93-5C6F-42D7-A927-DD8F378E10B5} = {8C856FAB-587B-4B82-87D3-58687A5D4D5A}
		{52B662E5-8A45-4E87-B48A-7CA943EE5AD0} = {E1B51C93-5C6F-42D7-A927-DD8F378E10B5}
		{83FEE73F-354F-4CE6-9F1E-FC2066A9D722} = {8C856FAB-587B-4B82-87D3-58687A5D4D5A}
		{1AEAA492-B4C0-4595-8A64-754540055EF4} = {83FEE73F-354F-4CE6-9F1E-FC2066A9D722}
	EndGlobalSection
EndGlobal
